
Microsoft Visual Studio Solution File, Format Version 12.00
# Visual Studio Version 16
VisualStudioVersion = 16.0.30114.105
MinimumVisualStudioVersion = 10.0.40219.1
Project("{FAE04EC0-301F-11D3-BF4B-00C04F79EFBC}") = "BookLibrary", "BookLibrary\BookLibrary.csproj", "{8ACD3300-0BAE-4CA5-831F-973788E4F9A4}"
EndProject
Project("{FAE04EC0-301F-11D3-BF4B-00C04F79EFBC}") = "EntityFramework", "EntityFramework\EntityFramework.csproj", "{09B2EF49-8AC2-4326-9030-CA35CFB3A383}"
EndProject
Project("{FAE04EC0-301F-11D3-BF4B-00C04F79EFBC}") = "DBFirstLibrary", "DBFirstLibrary\DBFirstLibrary.csproj", "{C9400E18-D116-4508-8A27-16513C02DC0F}"
EndProject
Global
	GlobalSection(SolutionConfigurationPlatforms) = preSolution
		Debug|Any CPU = Debug|Any CPU
		Release|Any CPU = Release|Any CPU
	EndGlobalSection
	GlobalSection(SolutionProperties) = preSolution
		HideSolutionNode = FALSE
	EndGlobalSection
	GlobalSection(ProjectConfigurationPlatforms) = postSolution
		{8ACD3300-0BAE-4CA5-831F-973788E4F9A4}.Debug|Any CPU.ActiveCfg = Debug|Any CPU
		{8ACD3300-0BAE-4CA5-831F-973788E4F9A4}.Debug|Any CPU.Build.0 = Debug|Any CPU
		{8ACD3300-0BAE-4CA5-831F-973788E4F9A4}.Release|Any CPU.ActiveCfg = Release|Any CPU
		{8ACD3300-0BAE-4CA5-831F-973788E4F9A4}.Release|Any CPU.Build.0 = Release|Any CPU
		{09B2EF49-8AC2-4326-9030-CA35CFB3A383}.Debug|Any CPU.ActiveCfg = Debug|Any CPU
		{09B2EF49-8AC2-4326-9030-CA35CFB3A383}.Debug|Any CPU.Build.0 = Debug|Any CPU
		{09B2EF49-8AC2-4326-9030-CA35CFB3A383}.Release|Any CPU.ActiveCfg = Release|Any CPU
		{09B2EF49-8AC2-4326-9030-CA35CFB3A383}.Release|Any CPU.Build.0 = Release|Any CPU
		{C9400E18-D116-4508-8A27-16513C02DC0F}.Debug|Any CPU.ActiveCfg = Debug|Any CPU
		{C9400E18-D116-4508-8A27-16513C02DC0F}.Debug|Any CPU.Build.0 = Debug|Any CPU
		{C9400E18-D116-4508-8A27-16513C02DC0F}.Release|Any CPU.ActiveCfg = Release|Any CPU
		{C9400E18-D116-4508-8A27-16513C02DC0F}.Release|Any CPU.Build.0 = Release|Any CPU
	EndGlobalSection
EndGlobal
